
Microsoft Visual Studio Solution File, Format Version 12.00
# Visual Studio Version 16
VisualStudioVersion = 16.0.31005.135
MinimumVisualStudioVersion = 10.0.40219.1
Project("{FAE04EC0-301F-11D3-BF4B-00C04F79EFBC}") = "Nagy_Laszlo_11B_Projekt2", "Nagy_Laszlo_11B_Projekt2\Nagy_Laszlo_11B_Projekt2.csproj", "{B75B5211-383F-4CEE-8537-DBF822A14E29}"
EndProject
Global
	GlobalSection(SolutionConfigurationPlatforms) = preSolution
		Debug|Any CPU = Debug|Any CPU
		Release|Any CPU = Release|Any CPU
	EndGlobalSection
	GlobalSection(ProjectConfigurationPlatforms) = postSolution
		{B75B5211-383F-4CEE-8537-DBF822A14E29}.Debug|Any CPU.ActiveCfg = Debug|Any CPU
		{B75B5211-383F-4CEE-8537-DBF822A14E29}.Debug|Any CPU.Build.0 = Debug|Any CPU
		{B75B5211-383F-4CEE-8537-DBF822A14E29}.Release|Any CPU.ActiveCfg = Release|Any CPU
		{B75B5211-383F-4CEE-8537-DBF822A14E29}.Release|Any CPU.Build.0 = Release|Any CPU
	EndGlobalSection
	GlobalSection(SolutionProperties) = preSolution
		HideSolutionNode = FALSE
	EndGlobalSection
	GlobalSection(ExtensibilityGlobals) = postSolution
		SolutionGuid = {77CAB45F-5AF9-4D2F-AA17-B786701AB05B}
	EndGlobalSection
EndGlobal
